
Microsoft Visual Studio Solution File, Format Version 12.00
# Visual Studio Version 16
VisualStudioVersion = 16.0.30204.135
MinimumVisualStudioVersion = 10.0.40219.1
Project("{FAE04EC0-301F-11D3-BF4B-00C04F79EFBC}") = "RubixCubeSolver", "RubixCubeSolver\RubixCubeSolver.csproj", "{02F786D2-E3DC-49D7-92CC-80E451B5955D}"
EndProject
Global
	GlobalSection(SolutionConfigurationPlatforms) = preSolution
		Debug|Any CPU = Debug|Any CPU
		Release|Any CPU = Release|Any CPU
	EndGlobalSection
	GlobalSection(ProjectConfigurationPlatforms) = postSolution
		{02F786D2-E3DC-49D7-92CC-80E451B5955D}.Debug|Any CPU.ActiveCfg = Debug|Any CPU
		{02F786D2-E3DC-49D7-92CC-80E451B5955D}.Debug|Any CPU.Build.0 = Debug|Any CPU
		{02F786D2-E3DC-49D7-92CC-80E451B5955D}.Release|Any CPU.ActiveCfg = Release|Any CPU
		{02F786D2-E3DC-49D7-92CC-80E451B5955D}.Release|Any CPU.Build.0 = Release|Any CPU
	EndGlobalSection
	GlobalSection(SolutionProperties) = preSolution
		HideSolutionNode = FALSE
	EndGlobalSection
	GlobalSection(ExtensibilityGlobals) = postSolution
		SolutionGuid = {654F048C-8E8E-4907-B007-D1560B8EF878}
	EndGlobalSection
EndGlobal
